// !$*UTF8*$!
{
	archiveVersion = 1;
	classes = {
	};
	objectVersion = 56;
	objects = {

/* Begin PBXBuildFile section */
		0186AF852C959D4A006C8E82 /* AppDelegate.swift in Sources */ = {isa = PBXBuildFile; fileRef = 0186AF842C959D4A006C8E82 /* AppDelegate.swift */; };
		0186AF872C959D4A006C8E82 /* SceneDelegate.swift in Sources */ = {isa = PBXBuildFile; fileRef = 0186AF862C959D4A006C8E82 /* SceneDelegate.swift */; };
		0186AF892C959D4A006C8E82 /* VC.swift in Sources */ = {isa = PBXBuildFile; fileRef = 0186AF882C959D4A006C8E82 /* VC.swift */; };
		0186AF8E2C959D4C006C8E82 /* Assets.xcassets in Resources */ = {isa = PBXBuildFile; fileRef = 0186AF8D2C959D4C006C8E82 /* Assets.xcassets */; };
		0186AF912C959D4C006C8E82 /* Base in Resources */ = {isa = PBXBuildFile; fileRef = 0186AF902C959D4C006C8E82 /* Base */; };
		0186AF992C95A217006C8E82 /* SearchVC.swift in Sources */ = {isa = PBXBuildFile; fileRef = 0186AF982C95A217006C8E82 /* SearchVC.swift */; };
		0186AF9B2C95A24A006C8E82 /* FavoriteListVC.swift in Sources */ = {isa = PBXBuildFile; fileRef = 0186AF9A2C95A24A006C8E82 /* FavoriteListVC.swift */; };
		01B789062C974119007B64F9 /* GFButton.swift in Sources */ = {isa = PBXBuildFile; fileRef = 01B789052C974119007B64F9 /* GFButton.swift */; };
		01B789092C978D99007B64F9 /* GFTextField.swift in Sources */ = {isa = PBXBuildFile; fileRef = 01B789082C978D99007B64F9 /* GFTextField.swift */; };
		01B7890B2C986C60007B64F9 /* FollowerListVC.swift in Sources */ = {isa = PBXBuildFile; fileRef = 01B7890A2C986C60007B64F9 /* FollowerListVC.swift */; };
		01B7890F2C988706007B64F9 /* GFTitleLabel.swift in Sources */ = {isa = PBXBuildFile; fileRef = 01B7890E2C988706007B64F9 /* GFTitleLabel.swift */; };
		01B789122C9888B9007B64F9 /* GFBodyLabel.swift in Sources */ = {isa = PBXBuildFile; fileRef = 01B789112C9888B9007B64F9 /* GFBodyLabel.swift */; };
		01B789152C988974007B64F9 /* GFAlertVC.swift in Sources */ = {isa = PBXBuildFile; fileRef = 01B789142C988974007B64F9 /* GFAlertVC.swift */; };
		01B789192C99C631007B64F9 /* UIViewController.swift in Sources */ = {isa = PBXBuildFile; fileRef = 01B789182C99C631007B64F9 /* UIViewController.swift */; };
		01B7891C2C9B6891007B64F9 /* GFAlertContainerView.swift in Sources */ = {isa = PBXBuildFile; fileRef = 01B7891B2C9B6891007B64F9 /* GFAlertContainerView.swift */; };
		01B7891F2C9B6918007B64F9 /* UIView.swift in Sources */ = {isa = PBXBuildFile; fileRef = 01B7891E2C9B6918007B64F9 /* UIView.swift */; };
/* End PBXBuildFile section */

/* Begin PBXFileReference section */
		0186AF812C959D4A006C8E82 /* github Fllowers.app */ = {isa = PBXFileReference; explicitFileType = wrapper.application; includeInIndex = 0; path = "github Fllowers.app"; sourceTree = BUILT_PRODUCTS_DIR; };
		0186AF842C959D4A006C8E82 /* AppDelegate.swift */ = {isa = PBXFileReference; lastKnownFileType = sourcecode.swift; path = AppDelegate.swift; sourceTree = "<group>"; };
		0186AF862C959D4A006C8E82 /* SceneDelegate.swift */ = {isa = PBXFileReference; lastKnownFileType = sourcecode.swift; path = SceneDelegate.swift; sourceTree = "<group>"; };
		0186AF882C959D4A006C8E82 /* VC.swift */ = {isa = PBXFileReference; lastKnownFileType = sourcecode.swift; path = VC.swift; sourceTree = "<group>"; };
		0186AF8D2C959D4C006C8E82 /* Assets.xcassets */ = {isa = PBXFileReference; lastKnownFileType = folder.assetcatalog; path = Assets.xcassets; sourceTree = "<group>"; };
		0186AF902C959D4C006C8E82 /* Base */ = {isa = PBXFileReference; lastKnownFileType = file.storyboard; name = Base; path = Base.lproj/LaunchScreen.storyboard; sourceTree = "<group>"; };
		0186AF922C959D4C006C8E82 /* Info.plist */ = {isa = PBXFileReference; lastKnownFileType = text.plist.xml; path = Info.plist; sourceTree = "<group>"; };
		0186AF982C95A217006C8E82 /* SearchVC.swift */ = {isa = PBXFileReference; lastKnownFileType = sourcecode.swift; path = SearchVC.swift; sourceTree = "<group>"; };
		0186AF9A2C95A24A006C8E82 /* FavoriteListVC.swift */ = {isa = PBXFileReference; lastKnownFileType = sourcecode.swift; path = FavoriteListVC.swift; sourceTree = "<group>"; };
		01B789052C974119007B64F9 /* GFButton.swift */ = {isa = PBXFileReference; lastKnownFileType = sourcecode.swift; path = GFButton.swift; sourceTree = "<group>"; };
		01B789082C978D99007B64F9 /* GFTextField.swift */ = {isa = PBXFileReference; lastKnownFileType = sourcecode.swift; path = GFTextField.swift; sourceTree = "<group>"; };
		01B7890A2C986C60007B64F9 /* FollowerListVC.swift */ = {isa = PBXFileReference; lastKnownFileType = sourcecode.swift; path = FollowerListVC.swift; sourceTree = "<group>"; };
		01B7890E2C988706007B64F9 /* GFTitleLabel.swift */ = {isa = PBXFileReference; lastKnownFileType = sourcecode.swift; path = GFTitleLabel.swift; sourceTree = "<group>"; };
		01B789112C9888B9007B64F9 /* GFBodyLabel.swift */ = {isa = PBXFileReference; lastKnownFileType = sourcecode.swift; path = GFBodyLabel.swift; sourceTree = "<group>"; };
		01B789142C988974007B64F9 /* GFAlertVC.swift */ = {isa = PBXFileReference; lastKnownFileType = sourcecode.swift; path = GFAlertVC.swift; sourceTree = "<group>"; };
		01B789182C99C631007B64F9 /* UIViewController.swift */ = {isa = PBXFileReference; lastKnownFileType = sourcecode.swift; path = UIViewController.swift; sourceTree = "<group>"; };
		01B7891B2C9B6891007B64F9 /* GFAlertContainerView.swift */ = {isa = PBXFileReference; lastKnownFileType = sourcecode.swift; path = GFAlertContainerView.swift; sourceTree = "<group>"; };
		01B7891E2C9B6918007B64F9 /* UIView.swift */ = {isa = PBXFileReference; lastKnownFileType = sourcecode.swift; path = UIView.swift; sourceTree = "<group>"; };
/* End PBXFileReference section */

/* Begin PBXFrameworksBuildPhase section */
		0186AF7E2C959D4A006C8E82 /* Frameworks */ = {
			isa = PBXFrameworksBuildPhase;
			buildActionMask = 2147483647;
			files = (
			);
			runOnlyForDeploymentPostprocessing = 0;
		};
/* End PBXFrameworksBuildPhase section */

/* Begin PBXGroup section */
		0186AF782C959D4A006C8E82 = {
			isa = PBXGroup;
			children = (
				0186AF832C959D4A006C8E82 /* github Fllowers */,
				0186AF822C959D4A006C8E82 /* Products */,
			);
			sourceTree = "<group>";
		};
		0186AF822C959D4A006C8E82 /* Products */ = {
			isa = PBXGroup;
			children = (
				0186AF812C959D4A006C8E82 /* github Fllowers.app */,
			);
			name = Products;
			sourceTree = "<group>";
		};
		0186AF832C959D4A006C8E82 /* github Fllowers */ = {
			isa = PBXGroup;
			children = (
				01B789162C99C620007B64F9 /* Extensions */,
				01B789042C9740FF007B64F9 /* Components */,
				0186AF9C2C95A2A6006C8E82 /* VC */,
				0186AF842C959D4A006C8E82 /* AppDelegate.swift */,
				0186AF862C959D4A006C8E82 /* SceneDelegate.swift */,
				0186AF8D2C959D4C006C8E82 /* Assets.xcassets */,
				0186AF8F2C959D4C006C8E82 /* LaunchScreen.storyboard */,
				0186AF922C959D4C006C8E82 /* Info.plist */,
			);
			path = "github Fllowers";
			sourceTree = "<group>";
		};
		0186AF9C2C95A2A6006C8E82 /* VC */ = {
			isa = PBXGroup;
			children = (
				0186AF9A2C95A24A006C8E82 /* FavoriteListVC.swift */,
				0186AF982C95A217006C8E82 /* SearchVC.swift */,
				0186AF882C959D4A006C8E82 /* VC.swift */,
				01B7890A2C986C60007B64F9 /* FollowerListVC.swift */,
			);
			path = VC;
			sourceTree = "<group>";
		};
		01B789042C9740FF007B64F9 /* Components */ = {
			isa = PBXGroup;
			children = (
				01B7891A2C9B6882007B64F9 /* GFAlertContainerView */,
				01B789132C98895B007B64F9 /* GFAlertVC */,
				01B789102C9888A9007B64F9 /* GFBodyLabel */,
				01B7890D2C9886F0007B64F9 /* GFTitleLable */,
				01B7890C2C988667007B64F9 /* GFTextField */,
				01B789072C97506E007B64F9 /* GFUIButton */,
			);
			path = Components;
			sourceTree = "<group>";
		};
		01B789072C97506E007B64F9 /* GFUIButton */ = {
			isa = PBXGroup;
			children = (
				01B789052C974119007B64F9 /* GFButton.swift */,
			);
			path = GFUIButton;
			sourceTree = "<group>";
		};
		01B7890C2C988667007B64F9 /* GFTextField */ = {
			isa = PBXGroup;
			children = (
				01B789082C978D99007B64F9 /* GFTextField.swift */,
			);
			path = GFTextField;
			sourceTree = "<group>";
		};
		01B7890D2C9886F0007B64F9 /* GFTitleLable */ = {
			isa = PBXGroup;
			children = (
				01B7890E2C988706007B64F9 /* GFTitleLabel.swift */,
			);
			path = GFTitleLable;
			sourceTree = "<group>";
		};
		01B789102C9888A9007B64F9 /* GFBodyLabel */ = {
			isa = PBXGroup;
			children = (
				01B789112C9888B9007B64F9 /* GFBodyLabel.swift */,
			);
			path = GFBodyLabel;
			sourceTree = "<group>";
		};
		01B789132C98895B007B64F9 /* GFAlertVC */ = {
			isa = PBXGroup;
			children = (
				01B789142C988974007B64F9 /* GFAlertVC.swift */,
			);
			path = GFAlertVC;
			sourceTree = "<group>";
		};
		01B789162C99C620007B64F9 /* Extensions */ = {
			isa = PBXGroup;
			children = (
				01B7891D2C9B690F007B64F9 /* UIView */,
				01B789172C99C624007B64F9 /* UIViewController */,
			);
			path = Extensions;
			sourceTree = "<group>";
		};
		01B789172C99C624007B64F9 /* UIViewController */ = {
			isa = PBXGroup;
			children = (
				01B789182C99C631007B64F9 /* UIViewController.swift */,
			);
			path = UIViewController;
			sourceTree = "<group>";
		};
		01B7891A2C9B6882007B64F9 /* GFAlertContainerView */ = {
			isa = PBXGroup;
			children = (
				01B7891B2C9B6891007B64F9 /* GFAlertContainerView.swift */,
			);
			path = GFAlertContainerView;
			sourceTree = "<group>";
		};
		01B7891D2C9B690F007B64F9 /* UIView */ = {
			isa = PBXGroup;
			children = (
				01B7891E2C9B6918007B64F9 /* UIView.swift */,
			);
			path = UIView;
			sourceTree = "<group>";
		};
/* End PBXGroup section */

/* Begin PBXNativeTarget section */
		0186AF802C959D4A006C8E82 /* github Fllowers */ = {
			isa = PBXNativeTarget;
			buildConfigurationList = 0186AF952C959D4C006C8E82 /* Build configuration list for PBXNativeTarget "github Fllowers" */;
			buildPhases = (
				0186AF7D2C959D4A006C8E82 /* Sources */,
				0186AF7E2C959D4A006C8E82 /* Frameworks */,
				0186AF7F2C959D4A006C8E82 /* Resources */,
			);
			buildRules = (
			);
			dependencies = (
			);
			name = "github Fllowers";
			productName = "github Fllowers";
			productReference = 0186AF812C959D4A006C8E82 /* github Fllowers.app */;
			productType = "com.apple.product-type.application";
		};
/* End PBXNativeTarget section */

/* Begin PBXProject section */
		0186AF792C959D4A006C8E82 /* Project object */ = {
			isa = PBXProject;
			attributes = {
				BuildIndependentTargetsInParallel = 1;
				LastSwiftUpdateCheck = 1540;
				LastUpgradeCheck = 1540;
				TargetAttributes = {
					0186AF802C959D4A006C8E82 = {
						CreatedOnToolsVersion = 15.4;
					};
				};
			};
			buildConfigurationList = 0186AF7C2C959D4A006C8E82 /* Build configuration list for PBXProject "github Fllowers" */;
			compatibilityVersion = "Xcode 14.0";
			developmentRegion = en;
			hasScannedForEncodings = 0;
			knownRegions = (
				en,
				Base,
			);
			mainGroup = 0186AF782C959D4A006C8E82;
			productRefGroup = 0186AF822C959D4A006C8E82 /* Products */;
			projectDirPath = "";
			projectRoot = "";
			targets = (
				0186AF802C959D4A006C8E82 /* github Fllowers */,
			);
		};
/* End PBXProject section */

/* Begin PBXResourcesBuildPhase section */
		0186AF7F2C959D4A006C8E82 /* Resources */ = {
			isa = PBXResourcesBuildPhase;
			buildActionMask = 2147483647;
			files = (
				0186AF8E2C959D4C006C8E82 /* Assets.xcassets in Resources */,
				0186AF912C959D4C006C8E82 /* Base in Resources */,
			);
			runOnlyForDeploymentPostprocessing = 0;
		};
/* End PBXResourcesBuildPhase section */

/* Begin PBXSourcesBuildPhase section */
		0186AF7D2C959D4A006C8E82 /* Sources */ = {
			isa = PBXSourcesBuildPhase;
			buildActionMask = 2147483647;
			files = (
				01B7891C2C9B6891007B64F9 /* GFAlertContainerView.swift in Sources */,
				01B7890F2C988706007B64F9 /* GFTitleLabel.swift in Sources */,
				01B789192C99C631007B64F9 /* UIViewController.swift in Sources */,
				01B789062C974119007B64F9 /* GFButton.swift in Sources */,
				0186AF892C959D4A006C8E82 /* VC.swift in Sources */,
				0186AF9B2C95A24A006C8E82 /* FavoriteListVC.swift in Sources */,
				0186AF852C959D4A006C8E82 /* AppDelegate.swift in Sources */,
				01B789152C988974007B64F9 /* GFAlertVC.swift in Sources */,
				0186AF992C95A217006C8E82 /* SearchVC.swift in Sources */,
				0186AF872C959D4A006C8E82 /* SceneDelegate.swift in Sources */,
				01B7891F2C9B6918007B64F9 /* UIView.swift in Sources */,
				01B7890B2C986C60007B64F9 /* FollowerListVC.swift in Sources */,
				01B789092C978D99007B64F9 /* GFTextField.swift in Sources */,
				01B789122C9888B9007B64F9 /* GFBodyLabel.swift in Sources */,
			);
			runOnlyForDeploymentPostprocessing = 0;
		};
/* End PBXSourcesBuildPhase section */

/* Begin PBXVariantGroup section */
		0186AF8F2C959D4C006C8E82 /* LaunchScreen.storyboard */ = {
			isa = PBXVariantGroup;
			children = (
				0186AF902C959D4C006C8E82 /* Base */,
			);
			name = LaunchScreen.storyboard;
			sourceTree = "<group>";
		};
/* End PBXVariantGroup section */

/* Begin XCBuildConfiguration section */
		0186AF932C959D4C006C8E82 /* Debug */ = {
			isa = XCBuildConfiguration;
			buildSettings = {
				ALWAYS_SEARCH_USER_PATHS = NO;
				ASSETCATALOG_COMPILER_GENERATE_SWIFT_ASSET_SYMBOL_EXTENSIONS = YES;
				CLANG_ANALYZER_NONNULL = YES;
				CLANG_ANALYZER_NUMBER_OBJECT_CONVERSION = YES_AGGRESSIVE;
				CLANG_CXX_LANGUAGE_STANDARD = "gnu++20";
				CLANG_ENABLE_MODULES = YES;
				CLANG_ENABLE_OBJC_ARC = YES;
				CLANG_ENABLE_OBJC_WEAK = YES;
				CLANG_WARN_BLOCK_CAPTURE_AUTORELEASING = YES;
				CLANG_WARN_BOOL_CONVERSION = YES;
				CLANG_WARN_COMMA = YES;
				CLANG_WARN_CONSTANT_CONVERSION = YES;
				CLANG_WARN_DEPRECATED_OBJC_IMPLEMENTATIONS = YES;
				CLANG_WARN_DIRECT_OBJC_ISA_USAGE = YES_ERROR;
				CLANG_WARN_DOCUMENTATION_COMMENTS = YES;
				CLANG_WARN_EMPTY_BODY = YES;
				CLANG_WARN_ENUM_CONVERSION = YES;
				CLANG_WARN_INFINITE_RECURSION = YES;
				CLANG_WARN_INT_CONVERSION = YES;
				CLANG_WARN_NON_LITERAL_NULL_CONVERSION = YES;
				CLANG_WARN_OBJC_IMPLICIT_RETAIN_SELF = YES;
				CLANG_WARN_OBJC_LITERAL_CONVERSION = YES;
				CLANG_WARN_OBJC_ROOT_CLASS = YES_ERROR;
				CLANG_WARN_QUOTED_INCLUDE_IN_FRAMEWORK_HEADER = YES;
				CLANG_WARN_RANGE_LOOP_ANALYSIS = YES;
				CLANG_WARN_STRICT_PROTOTYPES = YES;
				CLANG_WARN_SUSPICIOUS_MOVE = YES;
				CLANG_WARN_UNGUARDED_AVAILABILITY = YES_AGGRESSIVE;
				CLANG_WARN_UNREACHABLE_CODE = YES;
				CLANG_WARN__DUPLICATE_METHOD_MATCH = YES;
				COPY_PHASE_STRIP = NO;
				DEBUG_INFORMATION_FORMAT = dwarf;
				ENABLE_STRICT_OBJC_MSGSEND = YES;
				ENABLE_TESTABILITY = YES;
				ENABLE_USER_SCRIPT_SANDBOXING = YES;
				GCC_C_LANGUAGE_STANDARD = gnu17;
				GCC_DYNAMIC_NO_PIC = NO;
				GCC_NO_COMMON_BLOCKS = YES;
				GCC_OPTIMIZATION_LEVEL = 0;
				GCC_PREPROCESSOR_DEFINITIONS = (
					"DEBUG=1",
					"$(inherited)",
				);
				GCC_WARN_64_TO_32_BIT_CONVERSION = YES;
				GCC_WARN_ABOUT_RETURN_TYPE = YES_ERROR;
				GCC_WARN_UNDECLARED_SELECTOR = YES;
				GCC_WARN_UNINITIALIZED_AUTOS = YES_AGGRESSIVE;
				GCC_WARN_UNUSED_FUNCTION = YES;
				GCC_WARN_UNUSED_VARIABLE = YES;
				IPHONEOS_DEPLOYMENT_TARGET = 17;
				LOCALIZATION_PREFERS_STRING_CATALOGS = YES;
				MTL_ENABLE_DEBUG_INFO = INCLUDE_SOURCE;
				MTL_FAST_MATH = YES;
				ONLY_ACTIVE_ARCH = YES;
				SDKROOT = iphoneos;
				SWIFT_ACTIVE_COMPILATION_CONDITIONS = "DEBUG $(inherited)";
				SWIFT_OPTIMIZATION_LEVEL = "-Onone";
			};
			name = Debug;
		};
		0186AF942C959D4C006C8E82 /* Release */ = {
			isa = XCBuildConfiguration;
			buildSettings = {
				ALWAYS_SEARCH_USER_PATHS = NO;
				ASSETCATALOG_COMPILER_GENERATE_SWIFT_ASSET_SYMBOL_EXTENSIONS = YES;
				CLANG_ANALYZER_NONNULL = YES;
				CLANG_ANALYZER_NUMBER_OBJECT_CONVERSION = YES_AGGRESSIVE;
				CLANG_CXX_LANGUAGE_STANDARD = "gnu++20";
				CLANG_ENABLE_MODULES = YES;
				CLANG_ENABLE_OBJC_ARC = YES;
				CLANG_ENABLE_OBJC_WEAK = YES;
				CLANG_WARN_BLOCK_CAPTURE_AUTORELEASING = YES;
				CLANG_WARN_BOOL_CONVERSION = YES;
				CLANG_WARN_COMMA = YES;
				CLANG_WARN_CONSTANT_CONVERSION = YES;
				CLANG_WARN_DEPRECATED_OBJC_IMPLEMENTATIONS = YES;
				CLANG_WARN_DIRECT_OBJC_ISA_USAGE = YES_ERROR;
				CLANG_WARN_DOCUMENTATION_COMMENTS = YES;
				CLANG_WARN_EMPTY_BODY = YES;
				CLANG_WARN_ENUM_CONVERSION = YES;
				CLANG_WARN_INFINITE_RECURSION = YES;
				CLANG_WARN_INT_CONVERSION = YES;
				CLANG_WARN_NON_LITERAL_NULL_CONVERSION = YES;
				CLANG_WARN_OBJC_IMPLICIT_RETAIN_SELF = YES;
				CLANG_WARN_OBJC_LITERAL_CONVERSION = YES;
				CLANG_WARN_OBJC_ROOT_CLASS = YES_ERROR;
				CLANG_WARN_QUOTED_INCLUDE_IN_FRAMEWORK_HEADER = YES;
				CLANG_WARN_RANGE_LOOP_ANALYSIS = YES;
				CLANG_WARN_STRICT_PROTOTYPES = YES;
				CLANG_WARN_SUSPICIOUS_MOVE = YES;
				CLANG_WARN_UNGUARDED_AVAILABILITY = YES_AGGRESSIVE;
				CLANG_WARN_UNREACHABLE_CODE = YES;
				CLANG_WARN__DUPLICATE_METHOD_MATCH = YES;
				COPY_PHASE_STRIP = NO;
				DEBUG_INFORMATION_FORMAT = "dwarf-with-dsym";
				ENABLE_NS_ASSERTIONS = NO;
				ENABLE_STRICT_OBJC_MSGSEND = YES;
				ENABLE_USER_SCRIPT_SANDBOXING = YES;
				GCC_C_LANGUAGE_STANDARD = gnu17;
				GCC_NO_COMMON_BLOCKS = YES;
				GCC_WARN_64_TO_32_BIT_CONVERSION = YES;
				GCC_WARN_ABOUT_RETURN_TYPE = YES_ERROR;
				GCC_WARN_UNDECLARED_SELECTOR = YES;
				GCC_WARN_UNINITIALIZED_AUTOS = YES_AGGRESSIVE;
				GCC_WARN_UNUSED_FUNCTION = YES;
				GCC_WARN_UNUSED_VARIABLE = YES;
				IPHONEOS_DEPLOYMENT_TARGET = 17;
				LOCALIZATION_PREFERS_STRING_CATALOGS = YES;
				MTL_ENABLE_DEBUG_INFO = NO;
				MTL_FAST_MATH = YES;
				SDKROOT = iphoneos;
				SWIFT_COMPILATION_MODE = wholemodule;
				VALIDATE_PRODUCT = YES;
			};
			name = Release;
		};
		0186AF962C959D4C006C8E82 /* Debug */ = {
			isa = XCBuildConfiguration;
			buildSettings = {
				ASSETCATALOG_COMPILER_APPICON_NAME = AppIcon;
				ASSETCATALOG_COMPILER_GLOBAL_ACCENT_COLOR_NAME = AccentColor;
				ASSETCATALOG_COMPILER_INCLUDE_ALL_APPICON_ASSETS = NO;
				CODE_SIGN_STYLE = Automatic;
				CURRENT_PROJECT_VERSION = 1;
				DEVELOPMENT_TEAM = 262AZKDPMG;
				GENERATE_INFOPLIST_FILE = YES;
				INFOPLIST_FILE = "github Fllowers/Info.plist";
				INFOPLIST_KEY_UIApplicationSupportsIndirectInputEvents = YES;
				INFOPLIST_KEY_UILaunchStoryboardName = "";
				INFOPLIST_KEY_UISupportedInterfaceOrientations_iPad = "UIInterfaceOrientationPortrait UIInterfaceOrientationPortraitUpsideDown UIInterfaceOrientationLandscapeLeft UIInterfaceOrientationLandscapeRight";
				INFOPLIST_KEY_UISupportedInterfaceOrientations_iPhone = "UIInterfaceOrientationPortrait UIInterfaceOrientationLandscapeLeft UIInterfaceOrientationLandscapeRight";
				IPHONEOS_DEPLOYMENT_TARGET = 13;
				LD_RUNPATH_SEARCH_PATHS = (
					"$(inherited)",
					"@executable_path/Frameworks",
				);
				MARKETING_VERSION = 1.0;
				PRODUCT_BUNDLE_IDENTIFIER = "zakaria-lachkar.github-Fllowers";
				PRODUCT_NAME = "$(TARGET_NAME)";
				SWIFT_EMIT_LOC_STRINGS = YES;
				SWIFT_VERSION = 5.0;
				TARGETED_DEVICE_FAMILY = "1,2";
			};
			name = Debug;
		};
		0186AF972C959D4C006C8E82 /* Release */ = {
			isa = XCBuildConfiguration;
			buildSettings = {
				ASSETCATALOG_COMPILER_APPICON_NAME = AppIcon;
				ASSETCATALOG_COMPILER_GLOBAL_ACCENT_COLOR_NAME = AccentColor;
				ASSETCATALOG_COMPILER_INCLUDE_ALL_APPICON_ASSETS = NO;
				CODE_SIGN_STYLE = Automatic;
				CURRENT_PROJECT_VERSION = 1;
				DEVELOPMENT_TEAM = 262AZKDPMG;
				GENERATE_INFOPLIST_FILE = YES;
				INFOPLIST_FILE = "github Fllowers/Info.plist";
				INFOPLIST_KEY_UIApplicationSupportsIndirectInputEvents = YES;
				INFOPLIST_KEY_UILaunchStoryboardName = "";
				INFOPLIST_KEY_UISupportedInterfaceOrientations_iPad = "UIInterfaceOrientationPortrait UIInterfaceOrientationPortraitUpsideDown UIInterfaceOrientationLandscapeLeft UIInterfaceOrientationLandscapeRight";
				INFOPLIST_KEY_UISupportedInterfaceOrientations_iPhone = "UIInterfaceOrientationPortrait UIInterfaceOrientationLandscapeLeft UIInterfaceOrientationLandscapeRight";
				IPHONEOS_DEPLOYMENT_TARGET = 13;
				LD_RUNPATH_SEARCH_PATHS = (
					"$(inherited)",
					"@executable_path/Frameworks",
				);
				MARKETING_VERSION = 1.0;
				PRODUCT_BUNDLE_IDENTIFIER = "zakaria-lachkar.github-Fllowers";
				PRODUCT_NAME = "$(TARGET_NAME)";
				SWIFT_EMIT_LOC_STRINGS = YES;
				SWIFT_VERSION = 5.0;
				TARGETED_DEVICE_FAMILY = "1,2";
			};
			name = Release;
		};
/* End XCBuildConfiguration section */

/* Begin XCConfigurationList section */
		0186AF7C2C959D4A006C8E82 /* Build configuration list for PBXProject "github Fllowers" */ = {
			isa = XCConfigurationList;
			buildConfigurations = (
				0186AF932C959D4C006C8E82 /* Debug */,
				0186AF942C959D4C006C8E82 /* Release */,
			);
			defaultConfigurationIsVisible = 0;
			defaultConfigurationName = Release;
		};
		0186AF952C959D4C006C8E82 /* Build configuration list for PBXNativeTarget "github Fllowers" */ = {
			isa = XCConfigurationList;
			buildConfigurations = (
				0186AF962C959D4C006C8E82 /* Debug */,
				0186AF972C959D4C006C8E82 /* Release */,
			);
			defaultConfigurationIsVisible = 0;
			defaultConfigurationName = Release;
		};
/* End XCConfigurationList section */
	};
	rootObject = 0186AF792C959D4A006C8E82 /* Project object */;
}
